github.com/web3-storage/go-ucanto v0.1.0 h1:Hg6jO7OLLeDLtmseQZWQGBFJMp+5t5OWAFVL5Y3LsOs=
github.com/web3-storage/go-ucanto v0.1.0/go.mod h1:XD6zahQ8HLh8Z2CSK7xYcTR0A7oCVYXTZB7fFtYqGF8=
github.com/web3-storage/go-w3up v0.0.2 h1:MhGPNSaZZKxsIoARj83TwIjFVwtz7r7r67R4aD3maDA=
github.com/web3-storage/go-w3up v0.0.2/go.mod h1:GGTPPHhc44LW6jCZlsXQtjn653rPzJJtN78XyJDnXTE=
